
Microsoft Visual Studio Solution File, Format Version 12.00
# Visual Studio 14
VisualStudioVersion = 14.0.24720.0
MinimumVisualStudioVersion = 10.0.40219.1
Project("{FAE04EC0-301F-11D3-BF4B-00C04F79EFBC}") = "MatchBatch1", "MatchBatch1\MatchBatch1.csproj", "{212C8C8A-C818-4D2C-82E5-EFF1A1934A58}"
EndProject
Global
	GlobalSection(SolutionConfigurationPlatforms) = preSolution
		Debug|Any CPU = Debug|Any CPU
		Release|Any CPU = Release|Any CPU
	EndGlobalSection
	GlobalSection(ProjectConfigurationPlatforms) = postSolution
		{212C8C8A-C818-4D2C-82E5-EFF1A1934A58}.Debug|Any CPU.ActiveCfg = Debug|Any CPU
		{212C8C8A-C818-4D2C-82E5-EFF1A1934A58}.Debug|Any CPU.Build.0 = Debug|Any CPU
		{212C8C8A-C818-4D2C-82E5-EFF1A1934A58}.Release|Any CPU.ActiveCfg = Release|Any CPU
		{212C8C8A-C818-4D2C-82E5-EFF1A1934A58}.Release|Any CPU.Build.0 = Release|Any CPU
	EndGlobalSection
	GlobalSection(SolutionProperties) = preSolution
		HideSolutionNode = FALSE
	EndGlobalSection
EndGlobal
